// !$*UTF8*$!
{
	archiveVersion = 1;
	classes = {
	};
	objectVersion = 50;
	objects = {

/* Begin PBXBuildFile section */
		2F3AE0CE24F43214004A5015 /* UIView+Extensions.swift in Sources */ = {isa = PBXBuildFile; fileRef = 2F3AE0CD24F43214004A5015 /* UIView+Extensions.swift */; };
		2F3AE0CF24F43214004A5015 /* UIView+Extensions.swift in Sources */ = {isa = PBXBuildFile; fileRef = 2F3AE0CD24F43214004A5015 /* UIView+Extensions.swift */; };
		2F3AE0D024F43214004A5015 /* UIView+Extensions.swift in Sources */ = {isa = PBXBuildFile; fileRef = 2F3AE0CD24F43214004A5015 /* UIView+Extensions.swift */; };
		2F3AE0D224F43324004A5015 /* UILabel+Extensions.swift in Sources */ = {isa = PBXBuildFile; fileRef = 2F3AE0D124F43324004A5015 /* UILabel+Extensions.swift */; };
		2F3AE0D324F43324004A5015 /* UILabel+Extensions.swift in Sources */ = {isa = PBXBuildFile; fileRef = 2F3AE0D124F43324004A5015 /* UILabel+Extensions.swift */; };
		2F3AE0D424F43324004A5015 /* UILabel+Extensions.swift in Sources */ = {isa = PBXBuildFile; fileRef = 2F3AE0D124F43324004A5015 /* UILabel+Extensions.swift */; };
		2F3AE0D624F43339004A5015 /* UIImageView+Extensions.swift in Sources */ = {isa = PBXBuildFile; fileRef = 2F3AE0D524F43339004A5015 /* UIImageView+Extensions.swift */; };
		2F3AE0D724F43339004A5015 /* UIImageView+Extensions.swift in Sources */ = {isa = PBXBuildFile; fileRef = 2F3AE0D524F43339004A5015 /* UIImageView+Extensions.swift */; };
		2F3AE0D824F43339004A5015 /* UIImageView+Extensions.swift in Sources */ = {isa = PBXBuildFile; fileRef = 2F3AE0D524F43339004A5015 /* UIImageView+Extensions.swift */; };
		2F3AE0D924F43D41004A5015 /* Montserrat-Light.ttf in Resources */ = {isa = PBXBuildFile; fileRef = 2F679FAE24F181B40044848C /* Montserrat-Light.ttf */; };
		2F3AE0DA24F43D41004A5015 /* Montserrat-Medium.ttf in Resources */ = {isa = PBXBuildFile; fileRef = 2F679FAF24F181B50044848C /* Montserrat-Medium.ttf */; };
		2F3AE0DB24F43D41004A5015 /* Montserrat-SemiBold.ttf in Resources */ = {isa = PBXBuildFile; fileRef = 2F679FAD24F181B40044848C /* Montserrat-SemiBold.ttf */; };
		2F679F7824F17DB30044848C /* AppDelegate.swift in Sources */ = {isa = PBXBuildFile; fileRef = 2F679F7724F17DB30044848C /* AppDelegate.swift */; };
		2F679F7A24F17DB30044848C /* SceneDelegate.swift in Sources */ = {isa = PBXBuildFile; fileRef = 2F679F7924F17DB30044848C /* SceneDelegate.swift */; };
		2F679F8124F17DB90044848C /* Assets.xcassets in Resources */ = {isa = PBXBuildFile; fileRef = 2F679F8024F17DB90044848C /* Assets.xcassets */; };
		2F679F8424F17DB90044848C /* LaunchScreen.storyboard in Resources */ = {isa = PBXBuildFile; fileRef = 2F679F8224F17DB90044848C /* LaunchScreen.storyboard */; };
		2F679F8F24F17DBA0044848C /* WeatherTests.swift in Sources */ = {isa = PBXBuildFile; fileRef = 2F679F8E24F17DBA0044848C /* WeatherTests.swift */; };
		2F679F9A24F17DBA0044848C /* WeatherUITests.swift in Sources */ = {isa = PBXBuildFile; fileRef = 2F679F9924F17DBA0044848C /* WeatherUITests.swift */; };
		2F679FA824F180D30044848C /* MainTabBarController.swift in Sources */ = {isa = PBXBuildFile; fileRef = 2F679FA724F180D20044848C /* MainTabBarController.swift */; };
		2F679FA924F180D30044848C /* MainTabBarController.swift in Sources */ = {isa = PBXBuildFile; fileRef = 2F679FA724F180D20044848C /* MainTabBarController.swift */; };
		2F679FAA24F180D30044848C /* MainTabBarController.swift in Sources */ = {isa = PBXBuildFile; fileRef = 2F679FA724F180D20044848C /* MainTabBarController.swift */; };
		2F679FB124F181B50044848C /* Montserrat-SemiBold.ttf in Resources */ = {isa = PBXBuildFile; fileRef = 2F679FAD24F181B40044848C /* Montserrat-SemiBold.ttf */; };
		2F679FB224F181B50044848C /* Montserrat-SemiBold.ttf in Resources */ = {isa = PBXBuildFile; fileRef = 2F679FAD24F181B40044848C /* Montserrat-SemiBold.ttf */; };
		2F679FB424F181B50044848C /* Montserrat-Light.ttf in Resources */ = {isa = PBXBuildFile; fileRef = 2F679FAE24F181B40044848C /* Montserrat-Light.ttf */; };
		2F679FB524F181B50044848C /* Montserrat-Light.ttf in Resources */ = {isa = PBXBuildFile; fileRef = 2F679FAE24F181B40044848C /* Montserrat-Light.ttf */; };
		2F679FB724F181B50044848C /* Montserrat-Medium.ttf in Resources */ = {isa = PBXBuildFile; fileRef = 2F679FAF24F181B50044848C /* Montserrat-Medium.ttf */; };
		2F679FB824F181B50044848C /* Montserrat-Medium.ttf in Resources */ = {isa = PBXBuildFile; fileRef = 2F679FAF24F181B50044848C /* Montserrat-Medium.ttf */; };
		2F679FBD24F199410044848C /* ForecastViewController.swift in Sources */ = {isa = PBXBuildFile; fileRef = 2F679FBC24F199410044848C /* ForecastViewController.swift */; };
		2F679FBE24F199410044848C /* ForecastViewController.swift in Sources */ = {isa = PBXBuildFile; fileRef = 2F679FBC24F199410044848C /* ForecastViewController.swift */; };
		2F679FBF24F199410044848C /* ForecastViewController.swift in Sources */ = {isa = PBXBuildFile; fileRef = 2F679FBC24F199410044848C /* ForecastViewController.swift */; };
		2F679FC124F199510044848C /* TodayViewController.swift in Sources */ = {isa = PBXBuildFile; fileRef = 2F679FC024F199510044848C /* TodayViewController.swift */; };
		2F679FC224F199510044848C /* TodayViewController.swift in Sources */ = {isa = PBXBuildFile; fileRef = 2F679FC024F199510044848C /* TodayViewController.swift */; };
		2F679FC324F199510044848C /* TodayViewController.swift in Sources */ = {isa = PBXBuildFile; fileRef = 2F679FC024F199510044848C /* TodayViewController.swift */; };
		2F679FC524F199620044848C /* BaseViewController.swift in Sources */ = {isa = PBXBuildFile; fileRef = 2F679FC424F199620044848C /* BaseViewController.swift */; };
		2F679FC624F199620044848C /* BaseViewController.swift in Sources */ = {isa = PBXBuildFile; fileRef = 2F679FC424F199620044848C /* BaseViewController.swift */; };
		2F679FC724F199620044848C /* BaseViewController.swift in Sources */ = {isa = PBXBuildFile; fileRef = 2F679FC424F199620044848C /* BaseViewController.swift */; };
		2F679FCA24F19BA00044848C /* Constants.swift in Sources */ = {isa = PBXBuildFile; fileRef = 2F679FC924F19BA00044848C /* Constants.swift */; };
		2F679FCB24F19BA00044848C /* Constants.swift in Sources */ = {isa = PBXBuildFile; fileRef = 2F679FC924F19BA00044848C /* Constants.swift */; };
		2F679FCC24F19BA00044848C /* Constants.swift in Sources */ = {isa = PBXBuildFile; fileRef = 2F679FC924F19BA00044848C /* Constants.swift */; };
		2FF5AA6E24F1AAF100156222 /* ForecastHeader.swift in Sources */ = {isa = PBXBuildFile; fileRef = 2FF5AA6D24F1AAF100156222 /* ForecastHeader.swift */; };
		2FF5AA6F24F1AAF100156222 /* ForecastHeader.swift in Sources */ = {isa = PBXBuildFile; fileRef = 2FF5AA6D24F1AAF100156222 /* ForecastHeader.swift */; };
		2FF5AA7024F1AAF100156222 /* ForecastHeader.swift in Sources */ = {isa = PBXBuildFile; fileRef = 2FF5AA6D24F1AAF100156222 /* ForecastHeader.swift */; };
		2FF5AA7224F1AB0900156222 /* ForecastTableViewCell.swift in Sources */ = {isa = PBXBuildFile; fileRef = 2FF5AA7124F1AB0900156222 /* ForecastTableViewCell.swift */; };
		2FF5AA7324F1AB0900156222 /* ForecastTableViewCell.swift in Sources */ = {isa = PBXBuildFile; fileRef = 2FF5AA7124F1AB0900156222 /* ForecastTableViewCell.swift */; };
		2FF5AA7424F1AB0900156222 /* ForecastTableViewCell.swift in Sources */ = {isa = PBXBuildFile; fileRef = 2FF5AA7124F1AB0900156222 /* ForecastTableViewCell.swift */; };
/* End PBXBuildFile section */

/* Begin PBXContainerItemProxy section */
		2F679F8B24F17DBA0044848C /* PBXContainerItemProxy */ = {
			isa = PBXContainerItemProxy;
			containerPortal = 2F679F6C24F17DB30044848C /* Project object */;
			proxyType = 1;
			remoteGlobalIDString = 2F679F7324F17DB30044848C;
			remoteInfo = Weather;
		};
		2F679F9624F17DBA0044848C /* PBXContainerItemProxy */ = {
			isa = PBXContainerItemProxy;
			containerPortal = 2F679F6C24F17DB30044848C /* Project object */;
			proxyType = 1;
			remoteGlobalIDString = 2F679F7324F17DB30044848C;
			remoteInfo = Weather;
		};
/* End PBXContainerItemProxy section */

/* Begin PBXFileReference section */
		2F3AE0CD24F43214004A5015 /* UIView+Extensions.swift */ = {isa = PBXFileReference; lastKnownFileType = sourcecode.swift; path = "UIView+Extensions.swift"; sourceTree = "<group>"; };
		2F3AE0D124F43324004A5015 /* UILabel+Extensions.swift */ = {isa = PBXFileReference; lastKnownFileType = sourcecode.swift; path = "UILabel+Extensions.swift"; sourceTree = "<group>"; };
		2F3AE0D524F43339004A5015 /* UIImageView+Extensions.swift */ = {isa = PBXFileReference; lastKnownFileType = sourcecode.swift; path = "UIImageView+Extensions.swift"; sourceTree = "<group>"; };
		2F679F7424F17DB30044848C /* Weather.app */ = {isa = PBXFileReference; explicitFileType = wrapper.application; includeInIndex = 0; path = Weather.app; sourceTree = BUILT_PRODUCTS_DIR; };
		2F679F7724F17DB30044848C /* AppDelegate.swift */ = {isa = PBXFileReference; lastKnownFileType = sourcecode.swift; path = AppDelegate.swift; sourceTree = "<group>"; };
		2F679F7924F17DB30044848C /* SceneDelegate.swift */ = {isa = PBXFileReference; lastKnownFileType = sourcecode.swift; path = SceneDelegate.swift; sourceTree = "<group>"; };
		2F679F8024F17DB90044848C /* Assets.xcassets */ = {isa = PBXFileReference; lastKnownFileType = folder.assetcatalog; path = Assets.xcassets; sourceTree = "<group>"; };
		2F679F8324F17DB90044848C /* Base */ = {isa = PBXFileReference; lastKnownFileType = file.storyboard; name = Base; path = Base.lproj/LaunchScreen.storyboard; sourceTree = "<group>"; };
		2F679F8524F17DB90044848C /* Info.plist */ = {isa = PBXFileReference; lastKnownFileType = text.plist.xml; path = Info.plist; sourceTree = "<group>"; };
		2F679F8A24F17DBA0044848C /* WeatherTests.xctest */ = {isa = PBXFileReference; explicitFileType = wrapper.cfbundle; includeInIndex = 0; path = WeatherTests.xctest; sourceTree = BUILT_PRODUCTS_DIR; };
		2F679F8E24F17DBA0044848C /* WeatherTests.swift */ = {isa = PBXFileReference; lastKnownFileType = sourcecode.swift; path = WeatherTests.swift; sourceTree = "<group>"; };
		2F679F9024F17DBA0044848C /* Info.plist */ = {isa = PBXFileReference; lastKnownFileType = text.plist.xml; path = Info.plist; sourceTree = "<group>"; };
		2F679F9524F17DBA0044848C /* WeatherUITests.xctest */ = {isa = PBXFileReference; explicitFileType = wrapper.cfbundle; includeInIndex = 0; path = WeatherUITests.xctest; sourceTree = BUILT_PRODUCTS_DIR; };
		2F679F9924F17DBA0044848C /* WeatherUITests.swift */ = {isa = PBXFileReference; lastKnownFileType = sourcecode.swift; path = WeatherUITests.swift; sourceTree = "<group>"; };
		2F679F9B24F17DBA0044848C /* Info.plist */ = {isa = PBXFileReference; lastKnownFileType = text.plist.xml; path = Info.plist; sourceTree = "<group>"; };
		2F679FA724F180D20044848C /* MainTabBarController.swift */ = {isa = PBXFileReference; lastKnownFileType = sourcecode.swift; path = MainTabBarController.swift; sourceTree = "<group>"; };
		2F679FAD24F181B40044848C /* Montserrat-SemiBold.ttf */ = {isa = PBXFileReference; lastKnownFileType = file; path = "Montserrat-SemiBold.ttf"; sourceTree = "<group>"; };
		2F679FAE24F181B40044848C /* Montserrat-Light.ttf */ = {isa = PBXFileReference; lastKnownFileType = file; path = "Montserrat-Light.ttf"; sourceTree = "<group>"; };
		2F679FAF24F181B50044848C /* Montserrat-Medium.ttf */ = {isa = PBXFileReference; lastKnownFileType = file; path = "Montserrat-Medium.ttf"; sourceTree = "<group>"; };
		2F679FBC24F199410044848C /* ForecastViewController.swift */ = {isa = PBXFileReference; lastKnownFileType = sourcecode.swift; path = ForecastViewController.swift; sourceTree = "<group>"; };
		2F679FC024F199510044848C /* TodayViewController.swift */ = {isa = PBXFileReference; lastKnownFileType = sourcecode.swift; path = TodayViewController.swift; sourceTree = "<group>"; };
		2F679FC424F199620044848C /* BaseViewController.swift */ = {isa = PBXFileReference; lastKnownFileType = sourcecode.swift; path = BaseViewController.swift; sourceTree = "<group>"; };
		2F679FC924F19BA00044848C /* Constants.swift */ = {isa = PBXFileReference; lastKnownFileType = sourcecode.swift; path = Constants.swift; sourceTree = "<group>"; };
		2FF5AA6D24F1AAF100156222 /* ForecastHeader.swift */ = {isa = PBXFileReference; lastKnownFileType = sourcecode.swift; path = ForecastHeader.swift; sourceTree = "<group>"; };
		2FF5AA7124F1AB0900156222 /* ForecastTableViewCell.swift */ = {isa = PBXFileReference; lastKnownFileType = sourcecode.swift; path = ForecastTableViewCell.swift; sourceTree = "<group>"; };
/* End PBXFileReference section */

/* Begin PBXFrameworksBuildPhase section */
		2F679F7124F17DB30044848C /* Frameworks */ = {
			isa = PBXFrameworksBuildPhase;
			buildActionMask = 2147483647;
			files = (
			);
			runOnlyForDeploymentPostprocessing = 0;
		};
		2F679F8724F17DBA0044848C /* Frameworks */ = {
			isa = PBXFrameworksBuildPhase;
			buildActionMask = 2147483647;
			files = (
			);
			runOnlyForDeploymentPostprocessing = 0;
		};
		2F679F9224F17DBA0044848C /* Frameworks */ = {
			isa = PBXFrameworksBuildPhase;
			buildActionMask = 2147483647;
			files = (
			);
			runOnlyForDeploymentPostprocessing = 0;
		};
/* End PBXFrameworksBuildPhase section */

/* Begin PBXGroup section */
		2F679F6B24F17DB30044848C = {
			isa = PBXGroup;
			children = (
				2F679F7624F17DB30044848C /* Weather */,
				2F679F8D24F17DBA0044848C /* WeatherTests */,
				2F679F9824F17DBA0044848C /* WeatherUITests */,
				2F679F7524F17DB30044848C /* Products */,
			);
			sourceTree = "<group>";
		};
		2F679F7524F17DB30044848C /* Products */ = {
			isa = PBXGroup;
			children = (
				2F679F7424F17DB30044848C /* Weather.app */,
				2F679F8A24F17DBA0044848C /* WeatherTests.xctest */,
				2F679F9524F17DBA0044848C /* WeatherUITests.xctest */,
			);
			name = Products;
			sourceTree = "<group>";
		};
		2F679F7624F17DB30044848C /* Weather */ = {
			isa = PBXGroup;
			children = (
				2F679F7724F17DB30044848C /* AppDelegate.swift */,
				2F679F7924F17DB30044848C /* SceneDelegate.swift */,
				2F679F8524F17DB90044848C /* Info.plist */,
				2F679FAC24F181730044848C /* resources */,
				2F679FC824F19B840044848C /* utils */,
				2F679FAB24F180D90044848C /* view-controllers */,
			);
			path = Weather;
			sourceTree = "<group>";
		};
		2F679F8D24F17DBA0044848C /* WeatherTests */ = {
			isa = PBXGroup;
			children = (
				2F679F8E24F17DBA0044848C /* WeatherTests.swift */,
				2F679F9024F17DBA0044848C /* Info.plist */,
			);
			path = WeatherTests;
			sourceTree = "<group>";
		};
		2F679F9824F17DBA0044848C /* WeatherUITests */ = {
			isa = PBXGroup;
			children = (
				2F679F9924F17DBA0044848C /* WeatherUITests.swift */,
				2F679F9B24F17DBA0044848C /* Info.plist */,
			);
			path = WeatherUITests;
			sourceTree = "<group>";
		};
		2F679FAB24F180D90044848C /* view-controllers */ = {
			isa = PBXGroup;
			children = (
				2F679FC424F199620044848C /* BaseViewController.swift */,
				2F679FA724F180D20044848C /* MainTabBarController.swift */,
				2F679FBB24F196810044848C /* forecast */,
				2F679FBA24F196760044848C /* today */,
			);
			path = "view-controllers";
			sourceTree = "<group>";
		};
		2F679FAC24F181730044848C /* resources */ = {
			isa = PBXGroup;
			children = (
				2F679F8024F17DB90044848C /* Assets.xcassets */,
				2F679F8224F17DB90044848C /* LaunchScreen.storyboard */,
				2F679FB924F181B90044848C /* fonts */,
			);
			path = resources;
			sourceTree = "<group>";
		};
		2F679FB924F181B90044848C /* fonts */ = {
			isa = PBXGroup;
			children = (
				2F679FAE24F181B40044848C /* Montserrat-Light.ttf */,
				2F679FAF24F181B50044848C /* Montserrat-Medium.ttf */,
				2F679FAD24F181B40044848C /* Montserrat-SemiBold.ttf */,
			);
			path = fonts;
			sourceTree = "<group>";
		};
		2F679FBA24F196760044848C /* today */ = {
			isa = PBXGroup;
			children = (
				2F679FC024F199510044848C /* TodayViewController.swift */,
			);
			path = today;
			sourceTree = "<group>";
		};
		2F679FBB24F196810044848C /* forecast */ = {
			isa = PBXGroup;
			children = (
				2FF5AA6D24F1AAF100156222 /* ForecastHeader.swift */,
				2F679FBC24F199410044848C /* ForecastViewController.swift */,
				2FF5AA7124F1AB0900156222 /* ForecastTableViewCell.swift */,
			);
			path = forecast;
			sourceTree = "<group>";
		};
		2F679FC824F19B840044848C /* utils */ = {
			isa = PBXGroup;
			children = (
				2F679FC924F19BA00044848C /* Constants.swift */,
				2F3AE0CD24F43214004A5015 /* UIView+Extensions.swift */,
				2F3AE0D124F43324004A5015 /* UILabel+Extensions.swift */,
				2F3AE0D524F43339004A5015 /* UIImageView+Extensions.swift */,
			);
			path = utils;
			sourceTree = "<group>";
		};
/* End PBXGroup section */

/* Begin PBXNativeTarget section */
		2F679F7324F17DB30044848C /* Weather */ = {
			isa = PBXNativeTarget;
			buildConfigurationList = 2F679F9E24F17DBA0044848C /* Build configuration list for PBXNativeTarget "Weather" */;
			buildPhases = (
				2F679F7024F17DB30044848C /* Sources */,
				2F679F7124F17DB30044848C /* Frameworks */,
				2F679F7224F17DB30044848C /* Resources */,
			);
			buildRules = (
			);
			dependencies = (
			);
			name = Weather;
			productName = Weather;
			productReference = 2F679F7424F17DB30044848C /* Weather.app */;
			productType = "com.apple.product-type.application";
		};
		2F679F8924F17DBA0044848C /* WeatherTests */ = {
			isa = PBXNativeTarget;
			buildConfigurationList = 2F679FA124F17DBA0044848C /* Build configuration list for PBXNativeTarget "WeatherTests" */;
			buildPhases = (
				2F679F8624F17DBA0044848C /* Sources */,
				2F679F8724F17DBA0044848C /* Frameworks */,
				2F679F8824F17DBA0044848C /* Resources */,
			);
			buildRules = (
			);
			dependencies = (
				2F679F8C24F17DBA0044848C /* PBXTargetDependency */,
			);
			name = WeatherTests;
			productName = WeatherTests;
			productReference = 2F679F8A24F17DBA0044848C /* WeatherTests.xctest */;
			productType = "com.apple.product-type.bundle.unit-test";
		};
		2F679F9424F17DBA0044848C /* WeatherUITests */ = {
			isa = PBXNativeTarget;
			buildConfigurationList = 2F679FA424F17DBA0044848C /* Build configuration list for PBXNativeTarget "WeatherUITests" */;
			buildPhases = (
				2F679F9124F17DBA0044848C /* Sources */,
				2F679F9224F17DBA0044848C /* Frameworks */,
				2F679F9324F17DBA0044848C /* Resources */,
			);
			buildRules = (
			);
			dependencies = (
				2F679F9724F17DBA0044848C /* PBXTargetDependency */,
			);
			name = WeatherUITests;
			productName = WeatherUITests;
			productReference = 2F679F9524F17DBA0044848C /* WeatherUITests.xctest */;
			productType = "com.apple.product-type.bundle.ui-testing";
		};
/* End PBXNativeTarget section */

/* Begin PBXProject section */
		2F679F6C24F17DB30044848C /* Project object */ = {
			isa = PBXProject;
			attributes = {
				LastSwiftUpdateCheck = 1160;
				LastUpgradeCheck = 1160;
				ORGANIZATIONNAME = "Matheus Holanda";
				TargetAttributes = {
					2F679F7324F17DB30044848C = {
						CreatedOnToolsVersion = 11.6;
					};
					2F679F8924F17DBA0044848C = {
						CreatedOnToolsVersion = 11.6;
						TestTargetID = 2F679F7324F17DB30044848C;
					};
					2F679F9424F17DBA0044848C = {
						CreatedOnToolsVersion = 11.6;
						TestTargetID = 2F679F7324F17DB30044848C;
					};
				};
			};
			buildConfigurationList = 2F679F6F24F17DB30044848C /* Build configuration list for PBXProject "Weather" */;
			compatibilityVersion = "Xcode 9.3";
			developmentRegion = en;
			hasScannedForEncodings = 0;
			knownRegions = (
				en,
				Base,
			);
			mainGroup = 2F679F6B24F17DB30044848C;
			productRefGroup = 2F679F7524F17DB30044848C /* Products */;
			projectDirPath = "";
			projectRoot = "";
			targets = (
				2F679F7324F17DB30044848C /* Weather */,
				2F679F8924F17DBA0044848C /* WeatherTests */,
				2F679F9424F17DBA0044848C /* WeatherUITests */,
			);
		};
/* End PBXProject section */

/* Begin PBXResourcesBuildPhase section */
		2F679F7224F17DB30044848C /* Resources */ = {
			isa = PBXResourcesBuildPhase;
			buildActionMask = 2147483647;
			files = (
				2F3AE0D924F43D41004A5015 /* Montserrat-Light.ttf in Resources */,
				2F3AE0DA24F43D41004A5015 /* Montserrat-Medium.ttf in Resources */,
				2F3AE0DB24F43D41004A5015 /* Montserrat-SemiBold.ttf in Resources */,
				2F679F8424F17DB90044848C /* LaunchScreen.storyboard in Resources */,
				2F679F8124F17DB90044848C /* Assets.xcassets in Resources */,
			);
			runOnlyForDeploymentPostprocessing = 0;
		};
		2F679F8824F17DBA0044848C /* Resources */ = {
			isa = PBXResourcesBuildPhase;
			buildActionMask = 2147483647;
			files = (
				2F679FB424F181B50044848C /* Montserrat-Light.ttf in Resources */,
				2F679FB724F181B50044848C /* Montserrat-Medium.ttf in Resources */,
				2F679FB124F181B50044848C /* Montserrat-SemiBold.ttf in Resources */,
			);
			runOnlyForDeploymentPostprocessing = 0;
		};
		2F679F9324F17DBA0044848C /* Resources */ = {
			isa = PBXResourcesBuildPhase;
			buildActionMask = 2147483647;
			files = (
				2F679FB524F181B50044848C /* Montserrat-Light.ttf in Resources */,
				2F679FB824F181B50044848C /* Montserrat-Medium.ttf in Resources */,
				2F679FB224F181B50044848C /* Montserrat-SemiBold.ttf in Resources */,
			);
			runOnlyForDeploymentPostprocessing = 0;
		};
/* End PBXResourcesBuildPhase section */

/* Begin PBXSourcesBuildPhase section */
		2F679F7024F17DB30044848C /* Sources */ = {
			isa = PBXSourcesBuildPhase;
			buildActionMask = 2147483647;
			files = (
				2F679F7824F17DB30044848C /* AppDelegate.swift in Sources */,
				2F679FBD24F199410044848C /* ForecastViewController.swift in Sources */,
				2F3AE0D224F43324004A5015 /* UILabel+Extensions.swift in Sources */,
				2F3AE0CE24F43214004A5015 /* UIView+Extensions.swift in Sources */,
				2F679FC124F199510044848C /* TodayViewController.swift in Sources */,
				2F679F7A24F17DB30044848C /* SceneDelegate.swift in Sources */,
				2F3AE0D624F43339004A5015 /* UIImageView+Extensions.swift in Sources */,
				2F679FCA24F19BA00044848C /* Constants.swift in Sources */,
				2F679FA824F180D30044848C /* MainTabBarController.swift in Sources */,
				2FF5AA7224F1AB0900156222 /* ForecastTableViewCell.swift in Sources */,
				2F679FC524F199620044848C /* BaseViewController.swift in Sources */,
				2FF5AA6E24F1AAF100156222 /* ForecastHeader.swift in Sources */,
			);
			runOnlyForDeploymentPostprocessing = 0;
		};
		2F679F8624F17DBA0044848C /* Sources */ = {
			isa = PBXSourcesBuildPhase;
			buildActionMask = 2147483647;
			files = (
				2FF5AA7324F1AB0900156222 /* ForecastTableViewCell.swift in Sources */,
				2F679FC624F199620044848C /* BaseViewController.swift in Sources */,
				2F3AE0D724F43339004A5015 /* UIImageView+Extensions.swift in Sources */,
				2F679FC224F199510044848C /* TodayViewController.swift in Sources */,
				2F3AE0CF24F43214004A5015 /* UIView+Extensions.swift in Sources */,
				2F679FA924F180D30044848C /* MainTabBarController.swift in Sources */,
				2F679F8F24F17DBA0044848C /* WeatherTests.swift in Sources */,
				2F3AE0D324F43324004A5015 /* UILabel+Extensions.swift in Sources */,
				2F679FBE24F199410044848C /* ForecastViewController.swift in Sources */,
				2F679FCB24F19BA00044848C /* Constants.swift in Sources */,
				2FF5AA6F24F1AAF100156222 /* ForecastHeader.swift in Sources */,
			);
			runOnlyForDeploymentPostprocessing = 0;
		};
		2F679F9124F17DBA0044848C /* Sources */ = {
			isa = PBXSourcesBuildPhase;
			buildActionMask = 2147483647;
			files = (
				2FF5AA7424F1AB0900156222 /* ForecastTableViewCell.swift in Sources */,
				2F679FC724F199620044848C /* BaseViewController.swift in Sources */,
				2F3AE0D824F43339004A5015 /* UIImageView+Extensions.swift in Sources */,
				2F679FC324F199510044848C /* TodayViewController.swift in Sources */,
				2F3AE0D024F43214004A5015 /* UIView+Extensions.swift in Sources */,
				2F679FAA24F180D30044848C /* MainTabBarController.swift in Sources */,
				2F679F9A24F17DBA0044848C /* WeatherUITests.swift in Sources */,
				2F3AE0D424F43324004A5015 /* UILabel+Extensions.swift in Sources */,
				2F679FBF24F199410044848C /* ForecastViewController.swift in Sources */,
				2F679FCC24F19BA00044848C /* Constants.swift in Sources */,
				2FF5AA7024F1AAF100156222 /* ForecastHeader.swift in Sources */,
			);
			runOnlyForDeploymentPostprocessing = 0;
		};
/* End PBXSourcesBuildPhase section */

/* Begin PBXTargetDependency section */
		2F679F8C24F17DBA0044848C /* PBXTargetDependency */ = {
			isa = PBXTargetDependency;
			target = 2F679F7324F17DB30044848C /* Weather */;
			targetProxy = 2F679F8B24F17DBA0044848C /* PBXContainerItemProxy */;
		};
		2F679F9724F17DBA0044848C /* PBXTargetDependency */ = {
			isa = PBXTargetDependency;
			target = 2F679F7324F17DB30044848C /* Weather */;
			targetProxy = 2F679F9624F17DBA0044848C /* PBXContainerItemProxy */;
		};
/* End PBXTargetDependency section */

/* Begin PBXVariantGroup section */
		2F679F8224F17DB90044848C /* LaunchScreen.storyboard */ = {
			isa = PBXVariantGroup;
			children = (
				2F679F8324F17DB90044848C /* Base */,
			);
			name = LaunchScreen.storyboard;
			sourceTree = "<group>";
		};
/* End PBXVariantGroup section */

/* Begin XCBuildConfiguration section */
		2F679F9C24F17DBA0044848C /* Debug */ = {
			isa = XCBuildConfiguration;
			buildSettings = {
				ALWAYS_SEARCH_USER_PATHS = NO;
				CLANG_ANALYZER_NONNULL = YES;
				CLANG_ANALYZER_NUMBER_OBJECT_CONVERSION = YES_AGGRESSIVE;
				CLANG_CXX_LANGUAGE_STANDARD = "gnu++14";
				CLANG_CXX_LIBRARY = "libc++";
				CLANG_ENABLE_MODULES = YES;
				CLANG_ENABLE_OBJC_ARC = YES;
				CLANG_ENABLE_OBJC_WEAK = YES;
				CLANG_WARN_BLOCK_CAPTURE_AUTORELEASING = YES;
				CLANG_WARN_BOOL_CONVERSION = YES;
				CLANG_WARN_COMMA = YES;
				CLANG_WARN_CONSTANT_CONVERSION = YES;
				CLANG_WARN_DEPRECATED_OBJC_IMPLEMENTATIONS = YES;
				CLANG_WARN_DIRECT_OBJC_ISA_USAGE = YES_ERROR;
				CLANG_WARN_DOCUMENTATION_COMMENTS = YES;
				CLANG_WARN_EMPTY_BODY = YES;
				CLANG_WARN_ENUM_CONVERSION = YES;
				CLANG_WARN_INFINITE_RECURSION = YES;
				CLANG_WARN_INT_CONVERSION = YES;
				CLANG_WARN_NON_LITERAL_NULL_CONVERSION = YES;
				CLANG_WARN_OBJC_IMPLICIT_RETAIN_SELF = YES;
				CLANG_WARN_OBJC_LITERAL_CONVERSION = YES;
				CLANG_WARN_OBJC_ROOT_CLASS = YES_ERROR;
				CLANG_WARN_RANGE_LOOP_ANALYSIS = YES;
				CLANG_WARN_STRICT_PROTOTYPES = YES;
				CLANG_WARN_SUSPICIOUS_MOVE = YES;
				CLANG_WARN_UNGUARDED_AVAILABILITY = YES_AGGRESSIVE;
				CLANG_WARN_UNREACHABLE_CODE = YES;
				CLANG_WARN__DUPLICATE_METHOD_MATCH = YES;
				COPY_PHASE_STRIP = NO;
				DEBUG_INFORMATION_FORMAT = dwarf;
				ENABLE_STRICT_OBJC_MSGSEND = YES;
				ENABLE_TESTABILITY = YES;
				GCC_C_LANGUAGE_STANDARD = gnu11;
				GCC_DYNAMIC_NO_PIC = NO;
				GCC_NO_COMMON_BLOCKS = YES;
				GCC_OPTIMIZATION_LEVEL = 0;
				GCC_PREPROCESSOR_DEFINITIONS = (
					"DEBUG=1",
					"$(inherited)",
				);
				GCC_WARN_64_TO_32_BIT_CONVERSION = YES;
				GCC_WARN_ABOUT_RETURN_TYPE = YES_ERROR;
				GCC_WARN_UNDECLARED_SELECTOR = YES;
				GCC_WARN_UNINITIALIZED_AUTOS = YES_AGGRESSIVE;
				GCC_WARN_UNUSED_FUNCTION = YES;
				GCC_WARN_UNUSED_VARIABLE = YES;
				IPHONEOS_DEPLOYMENT_TARGET = 13.6;
				MTL_ENABLE_DEBUG_INFO = INCLUDE_SOURCE;
				MTL_FAST_MATH = YES;
				ONLY_ACTIVE_ARCH = YES;
				SDKROOT = iphoneos;
				SWIFT_ACTIVE_COMPILATION_CONDITIONS = DEBUG;
				SWIFT_OPTIMIZATION_LEVEL = "-Onone";
			};
			name = Debug;
		};
		2F679F9D24F17DBA0044848C /* Release */ = {
			isa = XCBuildConfiguration;
			buildSettings = {
				ALWAYS_SEARCH_USER_PATHS = NO;
				CLANG_ANALYZER_NONNULL = YES;
				CLANG_ANALYZER_NUMBER_OBJECT_CONVERSION = YES_AGGRESSIVE;
				CLANG_CXX_LANGUAGE_STANDARD = "gnu++14";
				CLANG_CXX_LIBRARY = "libc++";
				CLANG_ENABLE_MODULES = YES;
				CLANG_ENABLE_OBJC_ARC = YES;
				CLANG_ENABLE_OBJC_WEAK = YES;
				CLANG_WARN_BLOCK_CAPTURE_AUTORELEASING = YES;
				CLANG_WARN_BOOL_CONVERSION = YES;
				CLANG_WARN_COMMA = YES;
				CLANG_WARN_CONSTANT_CONVERSION = YES;
				CLANG_WARN_DEPRECATED_OBJC_IMPLEMENTATIONS = YES;
				CLANG_WARN_DIRECT_OBJC_ISA_USAGE = YES_ERROR;
				CLANG_WARN_DOCUMENTATION_COMMENTS = YES;
				CLANG_WARN_EMPTY_BODY = YES;
				CLANG_WARN_ENUM_CONVERSION = YES;
				CLANG_WARN_INFINITE_RECURSION = YES;
				CLANG_WARN_INT_CONVERSION = YES;
				CLANG_WARN_NON_LITERAL_NULL_CONVERSION = YES;
				CLANG_WARN_OBJC_IMPLICIT_RETAIN_SELF = YES;
				CLANG_WARN_OBJC_LITERAL_CONVERSION = YES;
				CLANG_WARN_OBJC_ROOT_CLASS = YES_ERROR;
				CLANG_WARN_RANGE_LOOP_ANALYSIS = YES;
				CLANG_WARN_STRICT_PROTOTYPES = YES;
				CLANG_WARN_SUSPICIOUS_MOVE = YES;
				CLANG_WARN_UNGUARDED_AVAILABILITY = YES_AGGRESSIVE;
				CLANG_WARN_UNREACHABLE_CODE = YES;
				CLANG_WARN__DUPLICATE_METHOD_MATCH = YES;
				COPY_PHASE_STRIP = NO;
				DEBUG_INFORMATION_FORMAT = "dwarf-with-dsym";
				ENABLE_NS_ASSERTIONS = NO;
				ENABLE_STRICT_OBJC_MSGSEND = YES;
				GCC_C_LANGUAGE_STANDARD = gnu11;
				GCC_NO_COMMON_BLOCKS = YES;
				GCC_WARN_64_TO_32_BIT_CONVERSION = YES;
				GCC_WARN_ABOUT_RETURN_TYPE = YES_ERROR;
				GCC_WARN_UNDECLARED_SELECTOR = YES;
				GCC_WARN_UNINITIALIZED_AUTOS = YES_AGGRESSIVE;
				GCC_WARN_UNUSED_FUNCTION = YES;
				GCC_WARN_UNUSED_VARIABLE = YES;
				IPHONEOS_DEPLOYMENT_TARGET = 13.6;
				MTL_ENABLE_DEBUG_INFO = NO;
				MTL_FAST_MATH = YES;
				SDKROOT = iphoneos;
				SWIFT_COMPILATION_MODE = wholemodule;
				SWIFT_OPTIMIZATION_LEVEL = "-O";
				VALIDATE_PRODUCT = YES;
			};
			name = Release;
		};
		2F679F9F24F17DBA0044848C /* Debug */ = {
			isa = XCBuildConfiguration;
			buildSettings = {
				ASSETCATALOG_COMPILER_APPICON_NAME = AppIcon;
				CODE_SIGN_STYLE = Automatic;
				DEVELOPMENT_TEAM = Z47WFR3TL4;
				INFOPLIST_FILE = Weather/Info.plist;
				LD_RUNPATH_SEARCH_PATHS = (
					"$(inherited)",
					"@executable_path/Frameworks",
				);
				PRODUCT_BUNDLE_IDENTIFIER = com.matheusholanda.Weather;
				PRODUCT_NAME = "$(TARGET_NAME)";
				SWIFT_VERSION = 5.0;
				TARGETED_DEVICE_FAMILY = "1,2";
			};
			name = Debug;
		};
		2F679FA024F17DBA0044848C /* Release */ = {
			isa = XCBuildConfiguration;
			buildSettings = {
				ASSETCATALOG_COMPILER_APPICON_NAME = AppIcon;
				CODE_SIGN_STYLE = Automatic;
				DEVELOPMENT_TEAM = Z47WFR3TL4;
				INFOPLIST_FILE = Weather/Info.plist;
				LD_RUNPATH_SEARCH_PATHS = (
					"$(inherited)",
					"@executable_path/Frameworks",
				);
				PRODUCT_BUNDLE_IDENTIFIER = com.matheusholanda.Weather;
				PRODUCT_NAME = "$(TARGET_NAME)";
				SWIFT_VERSION = 5.0;
				TARGETED_DEVICE_FAMILY = "1,2";
			};
			name = Release;
		};
		2F679FA224F17DBA0044848C /* Debug */ = {
			isa = XCBuildConfiguration;
			buildSettings = {
				ALWAYS_EMBED_SWIFT_STANDARD_LIBRARIES = YES;
				BUNDLE_LOADER = "$(TEST_HOST)";
				CODE_SIGN_STYLE = Automatic;
				DEVELOPMENT_TEAM = Z47WFR3TL4;
				INFOPLIST_FILE = WeatherTests/Info.plist;
				IPHONEOS_DEPLOYMENT_TARGET = 13.6;
				LD_RUNPATH_SEARCH_PATHS = (
					"$(inherited)",
					"@executable_path/Frameworks",
					"@loader_path/Frameworks",
				);
				PRODUCT_BUNDLE_IDENTIFIER = com.matheusholanda.WeatherTests;
				PRODUCT_NAME = "$(TARGET_NAME)";
				SWIFT_VERSION = 5.0;
				TARGETED_DEVICE_FAMILY = "1,2";
				TEST_HOST = "$(BUILT_PRODUCTS_DIR)/Weather.app/Weather";
			};
			name = Debug;
		};
		2F679FA324F17DBA0044848C /* Release */ = {
			isa = XCBuildConfiguration;
			buildSettings = {
				ALWAYS_EMBED_SWIFT_STANDARD_LIBRARIES = YES;
				BUNDLE_LOADER = "$(TEST_HOST)";
				CODE_SIGN_STYLE = Automatic;
				DEVELOPMENT_TEAM = Z47WFR3TL4;
				INFOPLIST_FILE = WeatherTests/Info.plist;
				IPHONEOS_DEPLOYMENT_TARGET = 13.6;
				LD_RUNPATH_SEARCH_PATHS = (
					"$(inherited)",
					"@executable_path/Frameworks",
					"@loader_path/Frameworks",
				);
				PRODUCT_BUNDLE_IDENTIFIER = com.matheusholanda.WeatherTests;
				PRODUCT_NAME = "$(TARGET_NAME)";
				SWIFT_VERSION = 5.0;
				TARGETED_DEVICE_FAMILY = "1,2";
				TEST_HOST = "$(BUILT_PRODUCTS_DIR)/Weather.app/Weather";
			};
			name = Release;
		};
		2F679FA524F17DBA0044848C /* Debug */ = {
			isa = XCBuildConfiguration;
			buildSettings = {
				ALWAYS_EMBED_SWIFT_STANDARD_LIBRARIES = YES;
				CODE_SIGN_STYLE = Automatic;
				DEVELOPMENT_TEAM = Z47WFR3TL4;
				INFOPLIST_FILE = WeatherUITests/Info.plist;
				LD_RUNPATH_SEARCH_PATHS = (
					"$(inherited)",
					"@executable_path/Frameworks",
					"@loader_path/Frameworks",
				);
				PRODUCT_BUNDLE_IDENTIFIER = com.matheusholanda.WeatherUITests;
				PRODUCT_NAME = "$(TARGET_NAME)";
				SWIFT_VERSION = 5.0;
				TARGETED_DEVICE_FAMILY = "1,2";
				TEST_TARGET_NAME = Weather;
			};
			name = Debug;
		};
		2F679FA624F17DBA0044848C /* Release */ = {
			isa = XCBuildConfiguration;
			buildSettings = {
				ALWAYS_EMBED_SWIFT_STANDARD_LIBRARIES = YES;
				CODE_SIGN_STYLE = Automatic;
				DEVELOPMENT_TEAM = Z47WFR3TL4;
				INFOPLIST_FILE = WeatherUITests/Info.plist;
				LD_RUNPATH_SEARCH_PATHS = (
					"$(inherited)",
					"@executable_path/Frameworks",
					"@loader_path/Frameworks",
				);
				PRODUCT_BUNDLE_IDENTIFIER = com.matheusholanda.WeatherUITests;
				PRODUCT_NAME = "$(TARGET_NAME)";
				SWIFT_VERSION = 5.0;
				TARGETED_DEVICE_FAMILY = "1,2";
				TEST_TARGET_NAME = Weather;
			};
			name = Release;
		};
/* End XCBuildConfiguration section */

/* Begin XCConfigurationList section */
		2F679F6F24F17DB30044848C /* Build configuration list for PBXProject "Weather" */ = {
			isa = XCConfigurationList;
			buildConfigurations = (
				2F679F9C24F17DBA0044848C /* Debug */,
				2F679F9D24F17DBA0044848C /* Release */,
			);
			defaultConfigurationIsVisible = 0;
			defaultConfigurationName = Release;
		};
		2F679F9E24F17DBA0044848C /* Build configuration list for PBXNativeTarget "Weather" */ = {
			isa = XCConfigurationList;
			buildConfigurations = (
				2F679F9F24F17DBA0044848C /* Debug */,
				2F679FA024F17DBA0044848C /* Release */,
			);
			defaultConfigurationIsVisible = 0;
			defaultConfigurationName = Release;
		};
		2F679FA124F17DBA0044848C /* Build configuration list for PBXNativeTarget "WeatherTests" */ = {
			isa = XCConfigurationList;
			buildConfigurations = (
				2F679FA224F17DBA0044848C /* Debug */,
				2F679FA324F17DBA0044848C /* Release */,
			);
			defaultConfigurationIsVisible = 0;
			defaultConfigurationName = Release;
		};
		2F679FA424F17DBA0044848C /* Build configuration list for PBXNativeTarget "WeatherUITests" */ = {
			isa = XCConfigurationList;
			buildConfigurations = (
				2F679FA524F17DBA0044848C /* Debug */,
				2F679FA624F17DBA0044848C /* Release */,
			);
			defaultConfigurationIsVisible = 0;
			defaultConfigurationName = Release;
		};
/* End XCConfigurationList section */
	};
	rootObject = 2F679F6C24F17DB30044848C /* Project object */;
}
